
Microsoft Visual Studio Solution File, Format Version 12.00
# Visual Studio Version 16
VisualStudioVersion = 16.0.31321.278
MinimumVisualStudioVersion = 10.0.40219.1
Project("{9A19103F-16F7-4668-BE54-9A1E7A4F7556}") = "NerdStore.Shared", "src\Services\Shared\NerdStore.Shared\NerdStore.Shared.csproj", "{031CC260-CB61-44AE-8363-E792F4F119F8}"
EndProject
Project("{2150E333-8FDC-42A3-9474-1A3956D46DE8}") = "Services", "Services", "{AD292BE7-372F-46C3-AFBB-E3FDEA899308}"
EndProject
Project("{2150E333-8FDC-42A3-9474-1A3956D46DE8}") = "WebApps", "WebApps", "{C657ACBE-2D1F-4D59-8180-E9C09BCA8F42}"
EndProject
Project("{2150E333-8FDC-42A3-9474-1A3956D46DE8}") = "Shared", "Shared", "{22B22FDD-6C8C-4062-961A-535DB2D305A3}"
EndProject
Project("{2150E333-8FDC-42A3-9474-1A3956D46DE8}") = "Catalogo", "Catalogo", "{074D4707-DA0D-402B-84C4-5DBD31C70A05}"
EndProject
Project("{9A19103F-16F7-4668-BE54-9A1E7A4F7556}") = "NerdStore.Catalogo.Domain", "src\Services\Catalogo\NerdStore.Catalogo.Domain\NerdStore.Catalogo.Domain.csproj", "{C2714F7A-F7EF-4557-82AF-2887A8AFDE38}"
EndProject
Project("{9A19103F-16F7-4668-BE54-9A1E7A4F7556}") = "NerdStore.Catalogo.Domain.Tests", "src\Services\Catalogo\NerdStore.Catalogo.Domain.Tests\NerdStore.Catalogo.Domain.Tests.csproj", "{86E09911-1C9F-49C1-87B3-9A2D436CCA70}"
EndProject
Project("{9A19103F-16F7-4668-BE54-9A1E7A4F7556}") = "NerdStore.Catalogo.Infra", "src\Services\Catalogo\NerdStore.Catalogo.Infra\NerdStore.Catalogo.Infra.csproj", "{2A168C48-DB63-49AA-AB0B-B983DAAEEB7C}"
EndProject
Project("{9A19103F-16F7-4668-BE54-9A1E7A4F7556}") = "NerdStore.Catalogo.Application", "src\Services\Catalogo\NerdStore.Catalogo.Application\NerdStore.Catalogo.Application.csproj", "{224A5923-97E7-481C-B742-46C60C07EF3A}"
EndProject
Project("{2150E333-8FDC-42A3-9474-1A3956D46DE8}") = "Cadastro", "Cadastro", "{5D4CBF1B-186B-4D3B-BD7C-3F10AFFD54F0}"
EndProject
Project("{2150E333-8FDC-42A3-9474-1A3956D46DE8}") = "Vendas", "Vendas", "{CF456DCB-BF0B-459D-AECB-B8F0DC79FB6D}"
EndProject
Project("{2150E333-8FDC-42A3-9474-1A3956D46DE8}") = "Pagamentos", "Pagamentos", "{D8D89854-F1D9-448C-AE25-FE8E2C3DC575}"
EndProject
Project("{2150E333-8FDC-42A3-9474-1A3956D46DE8}") = "Fiscal", "Fiscal", "{BD0D7257-570A-4073-8DB9-9F1D3130FF81}"
EndProject
Project("{2150E333-8FDC-42A3-9474-1A3956D46DE8}") = "Tests", "Tests", "{96CBD18B-176C-49B1-B16C-20291E13EE1F}"
EndProject
Project("{2150E333-8FDC-42A3-9474-1A3956D46DE8}") = "Web", "Web", "{6882ED42-3931-4D65-B2C1-165B30FE7DBE}"
EndProject
Project("{9A19103F-16F7-4668-BE54-9A1E7A4F7556}") = "NerdStore.Web.MVC", "src\WebApps\NerdStore.Web.MVC\NerdStore.Web.MVC.csproj", "{96E87982-6FE4-4CD6-8D50-DA3C11E089D1}"
EndProject
Project("{9A19103F-16F7-4668-BE54-9A1E7A4F7556}") = "NerdStore.Catalogo.Api", "src\Services\Catalogo\NerdStore.Catalogo.Api\NerdStore.Catalogo.Api.csproj", "{63D375C2-16C0-4B1B-A757-70B0A112771D}"
EndProject
Project("{9A19103F-16F7-4668-BE54-9A1E7A4F7556}") = "NerdStore.Vendas.Domain", "src\Services\Vendas\NerdStore.Vendas.Domain\NerdStore.Vendas.Domain.csproj", "{8F84F2BC-E57A-4087-8D1D-0B70CE785397}"
EndProject
Project("{9A19103F-16F7-4668-BE54-9A1E7A4F7556}") = "NerdStore.Vendas.Infra", "src\Services\Vendas\NerdStore.Vendas.Infra\NerdStore.Vendas.Infra.csproj", "{21A07395-73A0-468D-B9E8-072AFD6392C2}"
EndProject
Project("{9A19103F-16F7-4668-BE54-9A1E7A4F7556}") = "NerdStore.Vendas.Api", "src\Services\Vendas\NerdStore.Vendas.Api\NerdStore.Vendas.Api.csproj", "{061F330C-8D6F-4B35-9404-045C097168A1}"
EndProject
Project("{E53339B2-1760-4266-BCC7-CA923CBCF16C}") = "docker-compose", "docker-compose.dcproj", "{FEA0C318-FFED-4D39-8781-265718CA43DD}"
EndProject
Project("{FAE04EC0-301F-11D3-BF4B-00C04F79EFBC}") = "NerdStore.Pagamentos.Business", "src\Services\Pagamentos\NerdStore.Pagamentos.Business\NerdStore.Pagamentos.Business.csproj", "{1458EADA-BC5E-4E64-BBAE-4477EC9A7B97}"
EndProject
Project("{FAE04EC0-301F-11D3-BF4B-00C04F79EFBC}") = "NerdStore.Pagamentos.Infra", "src\Services\Pagamentos\NerdStore.Pagamentos.Infra\NerdStore.Pagamentos.Infra.csproj", "{D3C6D584-7F57-4640-8F3C-92AC28B51B00}"
EndProject
Project("{FAE04EC0-301F-11D3-BF4B-00C04F79EFBC}") = "NerdStore.Pagamentos.AntiCorruption", "src\Services\Pagamentos\NerdStore.Pagamentos.AntiCorruption\NerdStore.Pagamentos.AntiCorruption.csproj", "{33E0A42E-9FB8-49DD-ACC7-3A455C4351B9}"
EndProject
Global
	GlobalSection(SolutionConfigurationPlatforms) = preSolution
		Debug|Any CPU = Debug|Any CPU
		Release|Any CPU = Release|Any CPU
	EndGlobalSection
	GlobalSection(ProjectConfigurationPlatforms) = postSolution
		{031CC260-CB61-44AE-8363-E792F4F119F8}.Debug|Any CPU.ActiveCfg = Debug|Any CPU
		{031CC260-CB61-44AE-8363-E792F4F119F8}.Debug|Any CPU.Build.0 = Debug|Any CPU
		{031CC260-CB61-44AE-8363-E792F4F119F8}.Release|Any CPU.ActiveCfg = Release|Any CPU
		{031CC260-CB61-44AE-8363-E792F4F119F8}.Release|Any CPU.Build.0 = Release|Any CPU
		{C2714F7A-F7EF-4557-82AF-2887A8AFDE38}.Debug|Any CPU.ActiveCfg = Debug|Any CPU
		{C2714F7A-F7EF-4557-82AF-2887A8AFDE38}.Debug|Any CPU.Build.0 = Debug|Any CPU
		{C2714F7A-F7EF-4557-82AF-2887A8AFDE38}.Release|Any CPU.ActiveCfg = Release|Any CPU
		{C2714F7A-F7EF-4557-82AF-2887A8AFDE38}.Release|Any CPU.Build.0 = Release|Any CPU
		{86E09911-1C9F-49C1-87B3-9A2D436CCA70}.Debug|Any CPU.ActiveCfg = Debug|Any CPU
		{86E09911-1C9F-49C1-87B3-9A2D436CCA70}.Debug|Any CPU.Build.0 = Debug|Any CPU
		{86E09911-1C9F-49C1-87B3-9A2D436CCA70}.Release|Any CPU.ActiveCfg = Release|Any CPU
		{86E09911-1C9F-49C1-87B3-9A2D436CCA70}.Release|Any CPU.Build.0 = Release|Any CPU
		{2A168C48-DB63-49AA-AB0B-B983DAAEEB7C}.Debug|Any CPU.ActiveCfg = Debug|Any CPU
		{2A168C48-DB63-49AA-AB0B-B983DAAEEB7C}.Debug|Any CPU.Build.0 = Debug|Any CPU
		{2A168C48-DB63-49AA-AB0B-B983DAAEEB7C}.Release|Any CPU.ActiveCfg = Release|Any CPU
		{2A168C48-DB63-49AA-AB0B-B983DAAEEB7C}.Release|Any CPU.Build.0 = Release|Any CPU
		{224A5923-97E7-481C-B742-46C60C07EF3A}.Debug|Any CPU.ActiveCfg = Debug|Any CPU
		{224A5923-97E7-481C-B742-46C60C07EF3A}.Debug|Any CPU.Build.0 = Debug|Any CPU
		{224A5923-97E7-481C-B742-46C60C07EF3A}.Release|Any CPU.ActiveCfg = Release|Any CPU
		{224A5923-97E7-481C-B742-46C60C07EF3A}.Release|Any CPU.Build.0 = Release|Any CPU
		{96E87982-6FE4-4CD6-8D50-DA3C11E089D1}.Debug|Any CPU.ActiveCfg = Debug|Any CPU
		{96E87982-6FE4-4CD6-8D50-DA3C11E089D1}.Debug|Any CPU.Build.0 = Debug|Any CPU
		{96E87982-6FE4-4CD6-8D50-DA3C11E089D1}.Release|Any CPU.ActiveCfg = Release|Any CPU
		{96E87982-6FE4-4CD6-8D50-DA3C11E089D1}.Release|Any CPU.Build.0 = Release|Any CPU
		{63D375C2-16C0-4B1B-A757-70B0A112771D}.Debug|Any CPU.ActiveCfg = Debug|Any CPU
		{63D375C2-16C0-4B1B-A757-70B0A112771D}.Debug|Any CPU.Build.0 = Debug|Any CPU
		{63D375C2-16C0-4B1B-A757-70B0A112771D}.Release|Any CPU.ActiveCfg = Release|Any CPU
		{63D375C2-16C0-4B1B-A757-70B0A112771D}.Release|Any CPU.Build.0 = Release|Any CPU
		{8F84F2BC-E57A-4087-8D1D-0B70CE785397}.Debug|Any CPU.ActiveCfg = Debug|Any CPU
		{8F84F2BC-E57A-4087-8D1D-0B70CE785397}.Debug|Any CPU.Build.0 = Debug|Any CPU
		{8F84F2BC-E57A-4087-8D1D-0B70CE785397}.Release|Any CPU.ActiveCfg = Release|Any CPU
		{8F84F2BC-E57A-4087-8D1D-0B70CE785397}.Release|Any CPU.Build.0 = Release|Any CPU
		{21A07395-73A0-468D-B9E8-072AFD6392C2}.Debug|Any CPU.ActiveCfg = Debug|Any CPU
		{21A07395-73A0-468D-B9E8-072AFD6392C2}.Debug|Any CPU.Build.0 = Debug|Any CPU
		{21A07395-73A0-468D-B9E8-072AFD6392C2}.Release|Any CPU.ActiveCfg = Release|Any CPU
		{21A07395-73A0-468D-B9E8-072AFD6392C2}.Release|Any CPU.Build.0 = Release|Any CPU
		{061F330C-8D6F-4B35-9404-045C097168A1}.Debug|Any CPU.ActiveCfg = Debug|Any CPU
		{061F330C-8D6F-4B35-9404-045C097168A1}.Debug|Any CPU.Build.0 = Debug|Any CPU
		{061F330C-8D6F-4B35-9404-045C097168A1}.Release|Any CPU.ActiveCfg = Release|Any CPU
		{061F330C-8D6F-4B35-9404-045C097168A1}.Release|Any CPU.Build.0 = Release|Any CPU
		{FEA0C318-FFED-4D39-8781-265718CA43DD}.Debug|Any CPU.ActiveCfg = Debug|Any CPU
		{FEA0C318-FFED-4D39-8781-265718CA43DD}.Debug|Any CPU.Build.0 = Debug|Any CPU
		{FEA0C318-FFED-4D39-8781-265718CA43DD}.Release|Any CPU.ActiveCfg = Release|Any CPU
		{FEA0C318-FFED-4D39-8781-265718CA43DD}.Release|Any CPU.Build.0 = Release|Any CPU
		{1458EADA-BC5E-4E64-BBAE-4477EC9A7B97}.Debug|Any CPU.ActiveCfg = Debug|Any CPU
		{1458EADA-BC5E-4E64-BBAE-4477EC9A7B97}.Debug|Any CPU.Build.0 = Debug|Any CPU
		{1458EADA-BC5E-4E64-BBAE-4477EC9A7B97}.Release|Any CPU.ActiveCfg = Release|Any CPU
		{1458EADA-BC5E-4E64-BBAE-4477EC9A7B97}.Release|Any CPU.Build.0 = Release|Any CPU
		{D3C6D584-7F57-4640-8F3C-92AC28B51B00}.Debug|Any CPU.ActiveCfg = Debug|Any CPU
		{D3C6D584-7F57-4640-8F3C-92AC28B51B00}.Debug|Any CPU.Build.0 = Debug|Any CPU
		{D3C6D584-7F57-4640-8F3C-92AC28B51B00}.Release|Any CPU.ActiveCfg = Release|Any CPU
		{D3C6D584-7F57-4640-8F3C-92AC28B51B00}.Release|Any CPU.Build.0 = Release|Any CPU
		{33E0A42E-9FB8-49DD-ACC7-3A455C4351B9}.Debug|Any CPU.ActiveCfg = Debug|Any CPU
		{33E0A42E-9FB8-49DD-ACC7-3A455C4351B9}.Debug|Any CPU.Build.0 = Debug|Any CPU
		{33E0A42E-9FB8-49DD-ACC7-3A455C4351B9}.Release|Any CPU.ActiveCfg = Release|Any CPU
		{33E0A42E-9FB8-49DD-ACC7-3A455C4351B9}.Release|Any CPU.Build.0 = Release|Any CPU
	EndGlobalSection
	GlobalSection(SolutionProperties) = preSolution
		HideSolutionNode = FALSE
	EndGlobalSection
	GlobalSection(NestedProjects) = preSolution
		{031CC260-CB61-44AE-8363-E792F4F119F8} = {22B22FDD-6C8C-4062-961A-535DB2D305A3}
		{22B22FDD-6C8C-4062-961A-535DB2D305A3} = {AD292BE7-372F-46C3-AFBB-E3FDEA899308}
		{074D4707-DA0D-402B-84C4-5DBD31C70A05} = {AD292BE7-372F-46C3-AFBB-E3FDEA899308}
		{C2714F7A-F7EF-4557-82AF-2887A8AFDE38} = {074D4707-DA0D-402B-84C4-5DBD31C70A05}
		{86E09911-1C9F-49C1-87B3-9A2D436CCA70} = {96CBD18B-176C-49B1-B16C-20291E13EE1F}
		{2A168C48-DB63-49AA-AB0B-B983DAAEEB7C} = {074D4707-DA0D-402B-84C4-5DBD31C70A05}
		{224A5923-97E7-481C-B742-46C60C07EF3A} = {074D4707-DA0D-402B-84C4-5DBD31C70A05}
		{5D4CBF1B-186B-4D3B-BD7C-3F10AFFD54F0} = {AD292BE7-372F-46C3-AFBB-E3FDEA899308}
		{CF456DCB-BF0B-459D-AECB-B8F0DC79FB6D} = {AD292BE7-372F-46C3-AFBB-E3FDEA899308}
		{D8D89854-F1D9-448C-AE25-FE8E2C3DC575} = {AD292BE7-372F-46C3-AFBB-E3FDEA899308}
		{BD0D7257-570A-4073-8DB9-9F1D3130FF81} = {AD292BE7-372F-46C3-AFBB-E3FDEA899308}
		{96CBD18B-176C-49B1-B16C-20291E13EE1F} = {074D4707-DA0D-402B-84C4-5DBD31C70A05}
		{96E87982-6FE4-4CD6-8D50-DA3C11E089D1} = {6882ED42-3931-4D65-B2C1-165B30FE7DBE}
		{63D375C2-16C0-4B1B-A757-70B0A112771D} = {074D4707-DA0D-402B-84C4-5DBD31C70A05}
		{8F84F2BC-E57A-4087-8D1D-0B70CE785397} = {CF456DCB-BF0B-459D-AECB-B8F0DC79FB6D}
		{21A07395-73A0-468D-B9E8-072AFD6392C2} = {CF456DCB-BF0B-459D-AECB-B8F0DC79FB6D}
		{061F330C-8D6F-4B35-9404-045C097168A1} = {CF456DCB-BF0B-459D-AECB-B8F0DC79FB6D}
		{1458EADA-BC5E-4E64-BBAE-4477EC9A7B97} = {D8D89854-F1D9-448C-AE25-FE8E2C3DC575}
		{D3C6D584-7F57-4640-8F3C-92AC28B51B00} = {D8D89854-F1D9-448C-AE25-FE8E2C3DC575}
		{33E0A42E-9FB8-49DD-ACC7-3A455C4351B9} = {D8D89854-F1D9-448C-AE25-FE8E2C3DC575}
	EndGlobalSection
	GlobalSection(ExtensibilityGlobals) = postSolution
		SolutionGuid = {4898516E-6F9B-46DD-8448-80A1366A2B35}
	EndGlobalSection
EndGlobal
